
Microsoft Visual Studio Solution File, Format Version 9.00
# Visual Studio 2005
Project("{54435603-DBB4-11D2-8724-00A0C9A8B90C}") = "SetupIF4", "SetupIF4.vdproj", "{08B7442F-85B3-4C49-9FB4-9378DDD9ADFF}"
EndProject
Global
	GlobalSection(SolutionConfigurationPlatforms) = preSolution
		Debug|Default = Debug|Default
		Release|Default = Release|Default
	EndGlobalSection
	GlobalSection(ProjectConfigurationPlatforms) = postSolution
		{08B7442F-85B3-4C49-9FB4-9378DDD9ADFF}.Debug|Default.ActiveCfg = Debug
		{08B7442F-85B3-4C49-9FB4-9378DDD9ADFF}.Debug|Default.Build.0 = Debug
		{08B7442F-85B3-4C49-9FB4-9378DDD9ADFF}.Release|Default.ActiveCfg = Release
		{08B7442F-85B3-4C49-9FB4-9378DDD9ADFF}.Release|Default.Build.0 = Release
	EndGlobalSection
	GlobalSection(SolutionProperties) = preSolution
		HideSolutionNode = FALSE
	EndGlobalSection
EndGlobal
